
Microsoft Visual Studio Solution File, Format Version 12.00
# Visual Studio 2013
VisualStudioVersion = 12.0.21005.1
MinimumVisualStudioVersion = 10.0.40219.1
Project("{FAE04EC0-301F-11D3-BF4B-00C04F79EFBC}") = "sqlOptTest", "sqlOptTest\sqlOptTest.csproj", "{B3D46E4B-242B-4C4F-AFD1-AD7189ED781D}"
EndProject
Project("{FAE04EC0-301F-11D3-BF4B-00C04F79EFBC}") = "DataOpt", "DataOpt\DataOpt.csproj", "{5AF3C74E-8EF6-4952-8868-6E23D9D83043}"
EndProject
Global
	GlobalSection(SolutionConfigurationPlatforms) = preSolution
		Debug|Any CPU = Debug|Any CPU
		Release|Any CPU = Release|Any CPU
	EndGlobalSection
	GlobalSection(ProjectConfigurationPlatforms) = postSolution
		{B3D46E4B-242B-4C4F-AFD1-AD7189ED781D}.Debug|Any CPU.ActiveCfg = Debug|Any CPU
		{B3D46E4B-242B-4C4F-AFD1-AD7189ED781D}.Debug|Any CPU.Build.0 = Debug|Any CPU
		{B3D46E4B-242B-4C4F-AFD1-AD7189ED781D}.Release|Any CPU.ActiveCfg = Release|Any CPU
		{B3D46E4B-242B-4C4F-AFD1-AD7189ED781D}.Release|Any CPU.Build.0 = Release|Any CPU
		{5AF3C74E-8EF6-4952-8868-6E23D9D83043}.Debug|Any CPU.ActiveCfg = Debug|Any CPU
		{5AF3C74E-8EF6-4952-8868-6E23D9D83043}.Debug|Any CPU.Build.0 = Debug|Any CPU
		{5AF3C74E-8EF6-4952-8868-6E23D9D83043}.Release|Any CPU.ActiveCfg = Release|Any CPU
		{5AF3C74E-8EF6-4952-8868-6E23D9D83043}.Release|Any CPU.Build.0 = Release|Any CPU
	EndGlobalSection
	GlobalSection(SolutionProperties) = preSolution
		HideSolutionNode = FALSE
	EndGlobalSection
EndGlobal
